
Microsoft Visual Studio Solution File, Format Version 12.00
# Visual Studio Version 17
VisualStudioVersion = 17.3.32804.467
MinimumVisualStudioVersion = 10.0.40219.1
Project("{FAE04EC0-301F-11D3-BF4B-00C04F79EFBC}") = "TG_Tasks", "TG_Tasks.csproj", "{04A56250-025E-424E-817F-CD7AFB46D028}"
EndProject
Global
	GlobalSection(SolutionConfigurationPlatforms) = preSolution
		Debug|Any CPU = Debug|Any CPU
		Release|Any CPU = Release|Any CPU
	EndGlobalSection
	GlobalSection(ProjectConfigurationPlatforms) = postSolution
		{04A56250-025E-424E-817F-CD7AFB46D028}.Debug|Any CPU.ActiveCfg = Debug|Any CPU
		{04A56250-025E-424E-817F-CD7AFB46D028}.Debug|Any CPU.Build.0 = Debug|Any CPU
		{04A56250-025E-424E-817F-CD7AFB46D028}.Release|Any CPU.ActiveCfg = Release|Any CPU
		{04A56250-025E-424E-817F-CD7AFB46D028}.Release|Any CPU.Build.0 = Release|Any CPU
	EndGlobalSection
	GlobalSection(SolutionProperties) = preSolution
		HideSolutionNode = FALSE
	EndGlobalSection
	GlobalSection(ExtensibilityGlobals) = postSolution
		SolutionGuid = {C1210595-7589-49B7-B10C-BF328AC7245E}
	EndGlobalSection
EndGlobal
